
Microsoft Visual Studio Solution File, Format Version 12.00
# Visual Studio Version 17
VisualStudioVersion = 17.8.34525.116
MinimumVisualStudioVersion = 10.0.40219.1
Project("{8BC9CEB8-8B4A-11D0-8D11-00A0C91BC942}") = "FirstDriver", "FirstDriver\FirstDriver.vcxproj", "{69668171-8529-470A-8A08-F0C5C0FE4B33}"
EndProject
Global
	GlobalSection(SolutionConfigurationPlatforms) = preSolution
		Debug|ARM64 = Debug|ARM64
		Debug|x64 = Debug|x64
		Release|ARM64 = Release|ARM64
		Release|x64 = Release|x64
	EndGlobalSection
	GlobalSection(ProjectConfigurationPlatforms) = postSolution
		{69668171-8529-470A-8A08-F0C5C0FE4B33}.Debug|ARM64.ActiveCfg = Debug|ARM64
		{69668171-8529-470A-8A08-F0C5C0FE4B33}.Debug|ARM64.Build.0 = Debug|ARM64
		{69668171-8529-470A-8A08-F0C5C0FE4B33}.Debug|ARM64.Deploy.0 = Debug|ARM64
		{69668171-8529-470A-8A08-F0C5C0FE4B33}.Debug|x64.ActiveCfg = Debug|x64
		{69668171-8529-470A-8A08-F0C5C0FE4B33}.Debug|x64.Build.0 = Debug|x64
		{69668171-8529-470A-8A08-F0C5C0FE4B33}.Debug|x64.Deploy.0 = Debug|x64
		{69668171-8529-470A-8A08-F0C5C0FE4B33}.Release|ARM64.ActiveCfg = Release|ARM64
		{69668171-8529-470A-8A08-F0C5C0FE4B33}.Release|ARM64.Build.0 = Release|ARM64
		{69668171-8529-470A-8A08-F0C5C0FE4B33}.Release|ARM64.Deploy.0 = Release|ARM64
		{69668171-8529-470A-8A08-F0C5C0FE4B33}.Release|x64.ActiveCfg = Release|x64
		{69668171-8529-470A-8A08-F0C5C0FE4B33}.Release|x64.Build.0 = Release|x64
		{69668171-8529-470A-8A08-F0C5C0FE4B33}.Release|x64.Deploy.0 = Release|x64
	EndGlobalSection
	GlobalSection(SolutionProperties) = preSolution
		HideSolutionNode = FALSE
	EndGlobalSection
	GlobalSection(ExtensibilityGlobals) = postSolution
		SolutionGuid = {DEF307C9-2535-475E-9260-90E54C3A5355}
	EndGlobalSection
EndGlobal
